
Microsoft Visual Studio Solution File, Format Version 12.00
# Visual Studio 14
VisualStudioVersion = 14.0.23107.0
MinimumVisualStudioVersion = 10.0.40219.1
Project("{9092AA53-FB77-4645-B42D-1CCCA6BD08BD}") = "LastStand", "LastStand\LastStand.njsproj", "{96A5DC14-727C-4C2E-8D46-8F2BDAD9DD83}"
EndProject
Global
	GlobalSection(SolutionConfigurationPlatforms) = preSolution
		Debug|Any CPU = Debug|Any CPU
		Release|Any CPU = Release|Any CPU
	EndGlobalSection
	GlobalSection(ProjectConfigurationPlatforms) = postSolution
		{96A5DC14-727C-4C2E-8D46-8F2BDAD9DD83}.Debug|Any CPU.ActiveCfg = Debug|Any CPU
		{96A5DC14-727C-4C2E-8D46-8F2BDAD9DD83}.Debug|Any CPU.Build.0 = Debug|Any CPU
		{96A5DC14-727C-4C2E-8D46-8F2BDAD9DD83}.Release|Any CPU.ActiveCfg = Release|Any CPU
		{96A5DC14-727C-4C2E-8D46-8F2BDAD9DD83}.Release|Any CPU.Build.0 = Release|Any CPU
	EndGlobalSection
	GlobalSection(SolutionProperties) = preSolution
		HideSolutionNode = FALSE
	EndGlobalSection
EndGlobal
